
Microsoft Visual Studio Solution File, Format Version 12.00
# Visual Studio Version 17
VisualStudioVersion = 17.12.35527.113
MinimumVisualStudioVersion = 10.0.40219.1
Project("{FAE04EC0-301F-11D3-BF4B-00C04F79EFBC}") = "Client", "Client\Client.csproj", "{09A43511-C9F4-471D-88E7-A108577D1B32}"
EndProject
Project("{FAE04EC0-301F-11D3-BF4B-00C04F79EFBC}") = "Api", "Api\Api.csproj", "{BCEBA513-3149-4BAF-973E-CA2768E553FF}"
EndProject
Project("{FAE04EC0-301F-11D3-BF4B-00C04F79EFBC}") = "Shared", "Shared\Shared.csproj", "{ED484A3F-04DB-4FE0-9C3C-750198E1E71B}"
EndProject
Global
	GlobalSection(SolutionConfigurationPlatforms) = preSolution
		Debug|Any CPU = Debug|Any CPU
		Release|Any CPU = Release|Any CPU
	EndGlobalSection
	GlobalSection(ProjectConfigurationPlatforms) = postSolution
		{09A43511-C9F4-471D-88E7-A108577D1B32}.Debug|Any CPU.ActiveCfg = Debug|Any CPU
		{09A43511-C9F4-471D-88E7-A108577D1B32}.Debug|Any CPU.Build.0 = Debug|Any CPU
		{09A43511-C9F4-471D-88E7-A108577D1B32}.Release|Any CPU.ActiveCfg = Release|Any CPU
		{09A43511-C9F4-471D-88E7-A108577D1B32}.Release|Any CPU.Build.0 = Release|Any CPU
		{BCEBA513-3149-4BAF-973E-CA2768E553FF}.Debug|Any CPU.ActiveCfg = Debug|Any CPU
		{BCEBA513-3149-4BAF-973E-CA2768E553FF}.Debug|Any CPU.Build.0 = Debug|Any CPU
		{BCEBA513-3149-4BAF-973E-CA2768E553FF}.Release|Any CPU.ActiveCfg = Release|Any CPU
		{BCEBA513-3149-4BAF-973E-CA2768E553FF}.Release|Any CPU.Build.0 = Release|Any CPU
		{ED484A3F-04DB-4FE0-9C3C-750198E1E71B}.Debug|Any CPU.ActiveCfg = Debug|Any CPU
		{ED484A3F-04DB-4FE0-9C3C-750198E1E71B}.Debug|Any CPU.Build.0 = Debug|Any CPU
		{ED484A3F-04DB-4FE0-9C3C-750198E1E71B}.Release|Any CPU.ActiveCfg = Release|Any CPU
		{ED484A3F-04DB-4FE0-9C3C-750198E1E71B}.Release|Any CPU.Build.0 = Release|Any CPU
	EndGlobalSection
	GlobalSection(SolutionProperties) = preSolution
		HideSolutionNode = FALSE
	EndGlobalSection
EndGlobal
